
Microsoft Visual Studio Solution File, Format Version 12.00
# Visual Studio 15
VisualStudioVersion = 15.0.28307.1022
MinimumVisualStudioVersion = 10.0.40219.1
Project("{FAE04EC0-301F-11D3-BF4B-00C04F79EFBC}") = "UserAuthentication", "UserAuthentication\UserAuthentication.csproj", "{78F9E425-8C84-41A1-A372-2F5BA6B3D5A9}"
EndProject
Global
	GlobalSection(SolutionConfigurationPlatforms) = preSolution
		Debug|Any CPU = Debug|Any CPU
		Release|Any CPU = Release|Any CPU
	EndGlobalSection
	GlobalSection(ProjectConfigurationPlatforms) = postSolution
		{78F9E425-8C84-41A1-A372-2F5BA6B3D5A9}.Debug|Any CPU.ActiveCfg = Debug|Any CPU
		{78F9E425-8C84-41A1-A372-2F5BA6B3D5A9}.Debug|Any CPU.Build.0 = Debug|Any CPU
		{78F9E425-8C84-41A1-A372-2F5BA6B3D5A9}.Release|Any CPU.ActiveCfg = Release|Any CPU
		{78F9E425-8C84-41A1-A372-2F5BA6B3D5A9}.Release|Any CPU.Build.0 = Release|Any CPU
	EndGlobalSection
	GlobalSection(SolutionProperties) = preSolution
		HideSolutionNode = FALSE
	EndGlobalSection
	GlobalSection(ExtensibilityGlobals) = postSolution
		SolutionGuid = {8DF1A331-C340-4B6E-8DFC-D02ED84949D2}
	EndGlobalSection
EndGlobal
